{
    "version": 3,
    "terraform_version": "0.11.7",
    "serial": 4,
    "lineage": "f8d26dc3-6d40-8b6b-2e3e-e49dafcc18cf",
    "modules": [
        {
            "path": [
                "root"
            ],
            "outputs": {
                "ip": {
                    "sensitive": false,
                    "type": "string",
                    "value": "34.247.9.135"
                }
            },
            "resources": {
                "aws_eip.EIP": {
                    "type": "aws_eip",
                    "depends_on": [],
                    "primary": {
                        "id": "eipalloc-09fd3a1c35042c56b",
                        "attributes": {
                            "association_id": "",
                            "domain": "vpc",
                            "id": "eipalloc-09fd3a1c35042c56b",
                            "instance": "",
                            "network_interface": "",
                            "private_ip": "",
                            "public_ip": "34.247.9.135",
                            "tags.%": "0",
                            "vpc": "true"
                        },
                        "meta": {
                            "e2bfb730-ecaa-11e6-8f88-34363bc7c4c0": {
                                "delete": 180000000000,
                                "read": 900000000000,
                                "update": 300000000000
                            }
                        },
                        "tainted": false
                    },
                    "deposed": [],
                    "provider": "provider.aws"
                }
            },
            "depends_on": []
        }
    ]
}
